
Microsoft Visual Studio Solution File, Format Version 12.00
# Visual Studio Version 17
VisualStudioVersion = 17.2.32616.157
MinimumVisualStudioVersion = 10.0.40219.1
Project("{FAE04EC0-301F-11D3-BF4B-00C04F79EFBC}") = "S3A_LEVEQUE_GUIMBEAU", "S3A_LEVEQUE_GUIMBEAU\S3A_LEVEQUE_GUIMBEAU.csproj", "{316148CC-7715-4014-A27F-5CC8AAB7117B}"
EndProject
Global
	GlobalSection(SolutionConfigurationPlatforms) = preSolution
		Debug|Any CPU = Debug|Any CPU
		Release|Any CPU = Release|Any CPU
	EndGlobalSection
	GlobalSection(ProjectConfigurationPlatforms) = postSolution
		{316148CC-7715-4014-A27F-5CC8AAB7117B}.Debug|Any CPU.ActiveCfg = Debug|Any CPU
		{316148CC-7715-4014-A27F-5CC8AAB7117B}.Debug|Any CPU.Build.0 = Debug|Any CPU
		{316148CC-7715-4014-A27F-5CC8AAB7117B}.Release|Any CPU.ActiveCfg = Release|Any CPU
		{316148CC-7715-4014-A27F-5CC8AAB7117B}.Release|Any CPU.Build.0 = Release|Any CPU
	EndGlobalSection
	GlobalSection(SolutionProperties) = preSolution
		HideSolutionNode = FALSE
	EndGlobalSection
	GlobalSection(ExtensibilityGlobals) = postSolution
		SolutionGuid = {AF433C91-A848-4DF0-BDBA-16EAD633EAFC}
	EndGlobalSection
EndGlobal
